
Microsoft Visual Studio Solution File, Format Version 12.00
# Visual Studio Version 17
VisualStudioVersion = 17.14.36518.9 d17.14
MinimumVisualStudioVersion = 10.0.40219.1
Project("{FAE04EC0-301F-11D3-BF4B-00C04F79EFBC}") = "EstudioFotografia.Application", "EstudioFotografia.Application\EstudioFotografia.Application.csproj", "{1A885356-EDFA-4C67-B7A1-0BD6A1521969}"
EndProject
Project("{FAE04EC0-301F-11D3-BF4B-00C04F79EFBC}") = "EstudioFotografia.Infrastructure", "..\EstudioFotografia.Infrastructure\EstudioFotografia.Infrastructure\EstudioFotografia.Infrastructure.csproj", "{160F582F-9687-2267-72A7-F5B9E73378D6}"
EndProject
Global
	GlobalSection(SolutionConfigurationPlatforms) = preSolution
		Debug|Any CPU = Debug|Any CPU
		Release|Any CPU = Release|Any CPU
	EndGlobalSection
	GlobalSection(ProjectConfigurationPlatforms) = postSolution
		{1A885356-EDFA-4C67-B7A1-0BD6A1521969}.Debug|Any CPU.ActiveCfg = Debug|Any CPU
		{1A885356-EDFA-4C67-B7A1-0BD6A1521969}.Debug|Any CPU.Build.0 = Debug|Any CPU
		{1A885356-EDFA-4C67-B7A1-0BD6A1521969}.Release|Any CPU.ActiveCfg = Release|Any CPU
		{1A885356-EDFA-4C67-B7A1-0BD6A1521969}.Release|Any CPU.Build.0 = Release|Any CPU
		{160F582F-9687-2267-72A7-F5B9E73378D6}.Debug|Any CPU.ActiveCfg = Debug|Any CPU
		{160F582F-9687-2267-72A7-F5B9E73378D6}.Debug|Any CPU.Build.0 = Debug|Any CPU
		{160F582F-9687-2267-72A7-F5B9E73378D6}.Release|Any CPU.ActiveCfg = Release|Any CPU
		{160F582F-9687-2267-72A7-F5B9E73378D6}.Release|Any CPU.Build.0 = Release|Any CPU
	EndGlobalSection
	GlobalSection(SolutionProperties) = preSolution
		HideSolutionNode = FALSE
	EndGlobalSection
	GlobalSection(ExtensibilityGlobals) = postSolution
		SolutionGuid = {1F7BBC49-4D99-4E48-8CFA-8E96A564D4D0}
	EndGlobalSection
EndGlobal
