
Microsoft Visual Studio Solution File, Format Version 12.00
# Visual Studio Version 17
VisualStudioVersion = 17.14.36518.9 d17.14
MinimumVisualStudioVersion = 10.0.40219.1
Project("{FAE04EC0-301F-11D3-BF4B-00C04F79EFBC}") = "EstudioFotografia.Domain", "EstudioFotografia.Domain\EstudioFotografia.Domain.csproj", "{FDC833B1-636B-4784-B96C-AF9388EEFA08}"
EndProject
Global
	GlobalSection(SolutionConfigurationPlatforms) = preSolution
		Debug|Any CPU = Debug|Any CPU
		Release|Any CPU = Release|Any CPU
	EndGlobalSection
	GlobalSection(ProjectConfigurationPlatforms) = postSolution
		{FDC833B1-636B-4784-B96C-AF9388EEFA08}.Debug|Any CPU.ActiveCfg = Debug|Any CPU
		{FDC833B1-636B-4784-B96C-AF9388EEFA08}.Debug|Any CPU.Build.0 = Debug|Any CPU
		{FDC833B1-636B-4784-B96C-AF9388EEFA08}.Release|Any CPU.ActiveCfg = Release|Any CPU
		{FDC833B1-636B-4784-B96C-AF9388EEFA08}.Release|Any CPU.Build.0 = Release|Any CPU
	EndGlobalSection
	GlobalSection(SolutionProperties) = preSolution
		HideSolutionNode = FALSE
	EndGlobalSection
	GlobalSection(ExtensibilityGlobals) = postSolution
		SolutionGuid = {1541DF26-38E9-458D-9681-1E340F7A4BB7}
	EndGlobalSection
EndGlobal
